// !$*UTF8*$!
{
	archiveVersion = 1;
	classes = {
	};
	objectVersion = 77;
	objects = {

/* Begin PBXContainerItemProxy section */
		944BA13D2D7616040064A2BD /* PBXContainerItemProxy */ = {
			isa = PBXContainerItemProxy;
			containerPortal = 944BA1242D7616020064A2BD /* Project object */;
			proxyType = 1;
			remoteGlobalIDString = 944BA12B2D7616020064A2BD;
			remoteInfo = "BIT Teaching App";
		};
		944BA1472D7616040064A2BD /* PBXContainerItemProxy */ = {
			isa = PBXContainerItemProxy;
			containerPortal = 944BA1242D7616020064A2BD /* Project object */;
			proxyType = 1;
			remoteGlobalIDString = 944BA12B2D7616020064A2BD;
			remoteInfo = "BIT Teaching App";
		};
/* End PBXContainerItemProxy section */

/* Begin PBXFileReference section */
		944BA12C2D7616020064A2BD /* BIT Teaching App.app */ = {isa = PBXFileReference; explicitFileType = wrapper.application; includeInIndex = 0; path = "BIT Teaching App.app"; sourceTree = BUILT_PRODUCTS_DIR; };
		944BA13C2D7616040064A2BD /* BIT Teaching AppTests.xctest */ = {isa = PBXFileReference; explicitFileType = wrapper.cfbundle; includeInIndex = 0; path = "BIT Teaching AppTests.xctest"; sourceTree = BUILT_PRODUCTS_DIR; };
		944BA1462D7616040064A2BD /* BIT Teaching AppUITests.xctest */ = {isa = PBXFileReference; explicitFileType = wrapper.cfbundle; includeInIndex = 0; path = "BIT Teaching AppUITests.xctest"; sourceTree = BUILT_PRODUCTS_DIR; };
/* End PBXFileReference section */

/* Begin PBXFileSystemSynchronizedRootGroup section */
		944BA12E2D7616020064A2BD /* BIT Teaching App */ = {
			isa = PBXFileSystemSynchronizedRootGroup;
			path = "BIT Teaching App";
			sourceTree = "<group>";
		};
		944BA13F2D7616040064A2BD /* BIT Teaching AppTests */ = {
			isa = PBXFileSystemSynchronizedRootGroup;
			path = "BIT Teaching AppTests";
			sourceTree = "<group>";
		};
		944BA1492D7616040064A2BD /* BIT Teaching AppUITests */ = {
			isa = PBXFileSystemSynchronizedRootGroup;
			path = "BIT Teaching AppUITests";
			sourceTree = "<group>";
		};
/* End PBXFileSystemSynchronizedRootGroup section */

/* Begin PBXFrameworksBuildPhase section */
		944BA1292D7616020064A2BD /* Frameworks */ = {
			isa = PBXFrameworksBuildPhase;
			buildActionMask = 2147483647;
			files = (
			);
			runOnlyForDeploymentPostprocessing = 0;
		};
		944BA1392D7616040064A2BD /* Frameworks */ = {
			isa = PBXFrameworksBuildPhase;
			buildActionMask = 2147483647;
			files = (
			);
			runOnlyForDeploymentPostprocessing = 0;
		};
		944BA1432D7616040064A2BD /* Frameworks */ = {
			isa = PBXFrameworksBuildPhase;
			buildActionMask = 2147483647;
			files = (
			);
			runOnlyForDeploymentPostprocessing = 0;
		};
/* End PBXFrameworksBuildPhase section */

/* Begin PBXGroup section */
		944BA1232D7616020064A2BD = {
			isa = PBXGroup;
			children = (
				944BA12E2D7616020064A2BD /* BIT Teaching App */,
				944BA13F2D7616040064A2BD /* BIT Teaching AppTests */,
				944BA1492D7616040064A2BD /* BIT Teaching AppUITests */,
				944BA12D2D7616020064A2BD /* Products */,
			);
			sourceTree = "<group>";
		};
		944BA12D2D7616020064A2BD /* Products */ = {
			isa = PBXGroup;
			children = (
				944BA12C2D7616020064A2BD /* BIT Teaching App.app */,
				944BA13C2D7616040064A2BD /* BIT Teaching AppTests.xctest */,
				944BA1462D7616040064A2BD /* BIT Teaching AppUITests.xctest */,
			);
			name = Products;
			sourceTree = "<group>";
		};
/* End PBXGroup section */

/* Begin PBXNativeTarget section */
		944BA12B2D7616020064A2BD /* BIT Teaching App */ = {
			isa = PBXNativeTarget;
			buildConfigurationList = 944BA1502D7616040064A2BD /* Build configuration list for PBXNativeTarget "BIT Teaching App" */;
			buildPhases = (
				944BA1282D7616020064A2BD /* Sources */,
				944BA1292D7616020064A2BD /* Frameworks */,
				944BA12A2D7616020064A2BD /* Resources */,
			);
			buildRules = (
			);
			dependencies = (
			);
			fileSystemSynchronizedGroups = (
				944BA12E2D7616020064A2BD /* BIT Teaching App */,
			);
			name = "BIT Teaching App";
			packageProductDependencies = (
			);
			productName = "BIT Teaching App";
			productReference = 944BA12C2D7616020064A2BD /* BIT Teaching App.app */;
			productType = "com.apple.product-type.application";
		};
		944BA13B2D7616040064A2BD /* BIT Teaching AppTests */ = {
			isa = PBXNativeTarget;
			buildConfigurationList = 944BA1532D7616040064A2BD /* Build configuration list for PBXNativeTarget "BIT Teaching AppTests" */;
			buildPhases = (
				944BA1382D7616040064A2BD /* Sources */,
				944BA1392D7616040064A2BD /* Frameworks */,
				944BA13A2D7616040064A2BD /* Resources */,
			);
			buildRules = (
			);
			dependencies = (
				944BA13E2D7616040064A2BD /* PBXTargetDependency */,
			);
			fileSystemSynchronizedGroups = (
				944BA13F2D7616040064A2BD /* BIT Teaching AppTests */,
			);
			name = "BIT Teaching AppTests";
			packageProductDependencies = (
			);
			productName = "BIT Teaching AppTests";
			productReference = 944BA13C2D7616040064A2BD /* BIT Teaching AppTests.xctest */;
			productType = "com.apple.product-type.bundle.unit-test";
		};
		944BA1452D7616040064A2BD /* BIT Teaching AppUITests */ = {
			isa = PBXNativeTarget;
			buildConfigurationList = 944BA1562D7616040064A2BD /* Build configuration list for PBXNativeTarget "BIT Teaching AppUITests" */;
			buildPhases = (
				944BA1422D7616040064A2BD /* Sources */,
				944BA1432D7616040064A2BD /* Frameworks */,
				944BA1442D7616040064A2BD /* Resources */,
			);
			buildRules = (
			);
			dependencies = (
				944BA1482D7616040064A2BD /* PBXTargetDependency */,
			);
			fileSystemSynchronizedGroups = (
				944BA1492D7616040064A2BD /* BIT Teaching AppUITests */,
			);
			name = "BIT Teaching AppUITests";
			packageProductDependencies = (
			);
			productName = "BIT Teaching AppUITests";
			productReference = 944BA1462D7616040064A2BD /* BIT Teaching AppUITests.xctest */;
			productType = "com.apple.product-type.bundle.ui-testing";
		};
/* End PBXNativeTarget section */

/* Begin PBXProject section */
		944BA1242D7616020064A2BD /* Project object */ = {
			isa = PBXProject;
			attributes = {
				BuildIndependentTargetsInParallel = 1;
				LastSwiftUpdateCheck = 1620;
				LastUpgradeCheck = 1620;
				TargetAttributes = {
					944BA12B2D7616020064A2BD = {
						CreatedOnToolsVersion = 16.2;
					};
					944BA13B2D7616040064A2BD = {
						CreatedOnToolsVersion = 16.2;
						TestTargetID = 944BA12B2D7616020064A2BD;
					};
					944BA1452D7616040064A2BD = {
						CreatedOnToolsVersion = 16.2;
						TestTargetID = 944BA12B2D7616020064A2BD;
					};
				};
			};
			buildConfigurationList = 944BA1272D7616020064A2BD /* Build configuration list for PBXProject "BIT Teaching App" */;
			developmentRegion = en;
			hasScannedForEncodings = 0;
			knownRegions = (
				en,
				Base,
			);
			mainGroup = 944BA1232D7616020064A2BD;
			minimizedProjectReferenceProxies = 1;
			preferredProjectObjectVersion = 77;
			productRefGroup = 944BA12D2D7616020064A2BD /* Products */;
			projectDirPath = "";
			projectRoot = "";
			targets = (
				944BA12B2D7616020064A2BD /* BIT Teaching App */,
				944BA13B2D7616040064A2BD /* BIT Teaching AppTests */,
				944BA1452D7616040064A2BD /* BIT Teaching AppUITests */,
			);
		};
/* End PBXProject section */

/* Begin PBXResourcesBuildPhase section */
		944BA12A2D7616020064A2BD /* Resources */ = {
			isa = PBXResourcesBuildPhase;
			buildActionMask = 2147483647;
			files = (
			);
			runOnlyForDeploymentPostprocessing = 0;
		};
		944BA13A2D7616040064A2BD /* Resources */ = {
			isa = PBXResourcesBuildPhase;
			buildActionMask = 2147483647;
			files = (
			);
			runOnlyForDeploymentPostprocessing = 0;
		};
		944BA1442D7616040064A2BD /* Resources */ = {
			isa = PBXResourcesBuildPhase;
			buildActionMask = 2147483647;
			files = (
			);
			runOnlyForDeploymentPostprocessing = 0;
		};
/* End PBXResourcesBuildPhase section */

/* Begin PBXSourcesBuildPhase section */
		944BA1282D7616020064A2BD /* Sources */ = {
			isa = PBXSourcesBuildPhase;
			buildActionMask = 2147483647;
			files = (
			);
			runOnlyForDeploymentPostprocessing = 0;
		};
		944BA1382D7616040064A2BD /* Sources */ = {
			isa = PBXSourcesBuildPhase;
			buildActionMask = 2147483647;
			files = (
			);
			runOnlyForDeploymentPostprocessing = 0;
		};
		944BA1422D7616040064A2BD /* Sources */ = {
			isa = PBXSourcesBuildPhase;
			buildActionMask = 2147483647;
			files = (
			);
			runOnlyForDeploymentPostprocessing = 0;
		};
/* End PBXSourcesBuildPhase section */

/* Begin PBXTargetDependency section */
		944BA13E2D7616040064A2BD /* PBXTargetDependency */ = {
			isa = PBXTargetDependency;
			target = 944BA12B2D7616020064A2BD /* BIT Teaching App */;
			targetProxy = 944BA13D2D7616040064A2BD /* PBXContainerItemProxy */;
		};
		944BA1482D7616040064A2BD /* PBXTargetDependency */ = {
			isa = PBXTargetDependency;
			target = 944BA12B2D7616020064A2BD /* BIT Teaching App */;
			targetProxy = 944BA1472D7616040064A2BD /* PBXContainerItemProxy */;
		};
/* End PBXTargetDependency section */

/* Begin XCBuildConfiguration section */
		944BA14E2D7616040064A2BD /* Debug */ = {
			isa = XCBuildConfiguration;
			buildSettings = {
				ALWAYS_SEARCH_USER_PATHS = NO;
				ASSETCATALOG_COMPILER_GENERATE_SWIFT_ASSET_SYMBOL_EXTENSIONS = YES;
				CLANG_ANALYZER_NONNULL = YES;
				CLANG_ANALYZER_NUMBER_OBJECT_CONVERSION = YES_AGGRESSIVE;
				CLANG_CXX_LANGUAGE_STANDARD = "gnu++20";
				CLANG_ENABLE_MODULES = YES;
				CLANG_ENABLE_OBJC_ARC = YES;
				CLANG_ENABLE_OBJC_WEAK = YES;
				CLANG_WARN_BLOCK_CAPTURE_AUTORELEASING = YES;
				CLANG_WARN_BOOL_CONVERSION = YES;
				CLANG_WARN_COMMA = YES;
				CLANG_WARN_CONSTANT_CONVERSION = YES;
				CLANG_WARN_DEPRECATED_OBJC_IMPLEMENTATIONS = YES;
				CLANG_WARN_DIRECT_OBJC_ISA_USAGE = YES_ERROR;
				CLANG_WARN_DOCUMENTATION_COMMENTS = YES;
				CLANG_WARN_EMPTY_BODY = YES;
				CLANG_WARN_ENUM_CONVERSION = YES;
				CLANG_WARN_INFINITE_RECURSION = YES;
				CLANG_WARN_INT_CONVERSION = YES;
				CLANG_WARN_NON_LITERAL_NULL_CONVERSION = YES;
				CLANG_WARN_OBJC_IMPLICIT_RETAIN_SELF = YES;
				CLANG_WARN_OBJC_LITERAL_CONVERSION = YES;
				CLANG_WARN_OBJC_ROOT_CLASS = YES_ERROR;
				CLANG_WARN_QUOTED_INCLUDE_IN_FRAMEWORK_HEADER = YES;
				CLANG_WARN_RANGE_LOOP_ANALYSIS = YES;
				CLANG_WARN_STRICT_PROTOTYPES = YES;
				CLANG_WARN_SUSPICIOUS_MOVE = YES;
				CLANG_WARN_UNGUARDED_AVAILABILITY = YES_AGGRESSIVE;
				CLANG_WARN_UNREACHABLE_CODE = YES;
				CLANG_WARN__DUPLICATE_METHOD_MATCH = YES;
				COPY_PHASE_STRIP = NO;
				DEBUG_INFORMATION_FORMAT = dwarf;
				ENABLE_STRICT_OBJC_MSGSEND = YES;
				ENABLE_TESTABILITY = YES;
				ENABLE_USER_SCRIPT_SANDBOXING = YES;
				GCC_C_LANGUAGE_STANDARD = gnu17;
				GCC_DYNAMIC_NO_PIC = NO;
				GCC_NO_COMMON_BLOCKS = YES;
				GCC_OPTIMIZATION_LEVEL = 0;
				GCC_PREPROCESSOR_DEFINITIONS = (
					"DEBUG=1",
					"$(inherited)",
				);
				GCC_WARN_64_TO_32_BIT_CONVERSION = YES;
				GCC_WARN_ABOUT_RETURN_TYPE = YES_ERROR;
				GCC_WARN_UNDECLARED_SELECTOR = YES;
				GCC_WARN_UNINITIALIZED_AUTOS = YES_AGGRESSIVE;
				GCC_WARN_UNUSED_FUNCTION = YES;
				GCC_WARN_UNUSED_VARIABLE = YES;
				IPHONEOS_DEPLOYMENT_TARGET = 18.2;
				LOCALIZATION_PREFERS_STRING_CATALOGS = YES;
				MTL_ENABLE_DEBUG_INFO = INCLUDE_SOURCE;
				MTL_FAST_MATH = YES;
				ONLY_ACTIVE_ARCH = YES;
				SDKROOT = iphoneos;
				SWIFT_ACTIVE_COMPILATION_CONDITIONS = "DEBUG $(inherited)";
				SWIFT_OPTIMIZATION_LEVEL = "-Onone";
			};
			name = Debug;
		};
		944BA14F2D7616040064A2BD /* Release */ = {
			isa = XCBuildConfiguration;
			buildSettings = {
				ALWAYS_SEARCH_USER_PATHS = NO;
				ASSETCATALOG_COMPILER_GENERATE_SWIFT_ASSET_SYMBOL_EXTENSIONS = YES;
				CLANG_ANALYZER_NONNULL = YES;
				CLANG_ANALYZER_NUMBER_OBJECT_CONVERSION = YES_AGGRESSIVE;
				CLANG_CXX_LANGUAGE_STANDARD = "gnu++20";
				CLANG_ENABLE_MODULES = YES;
				CLANG_ENABLE_OBJC_ARC = YES;
				CLANG_ENABLE_OBJC_WEAK = YES;
				CLANG_WARN_BLOCK_CAPTURE_AUTORELEASING = YES;
				CLANG_WARN_BOOL_CONVERSION = YES;
				CLANG_WARN_COMMA = YES;
				CLANG_WARN_CONSTANT_CONVERSION = YES;
				CLANG_WARN_DEPRECATED_OBJC_IMPLEMENTATIONS = YES;
				CLANG_WARN_DIRECT_OBJC_ISA_USAGE = YES_ERROR;
				CLANG_WARN_DOCUMENTATION_COMMENTS = YES;
				CLANG_WARN_EMPTY_BODY = YES;
				CLANG_WARN_ENUM_CONVERSION = YES;
				CLANG_WARN_INFINITE_RECURSION = YES;
				CLANG_WARN_INT_CONVERSION = YES;
				CLANG_WARN_NON_LITERAL_NULL_CONVERSION = YES;
				CLANG_WARN_OBJC_IMPLICIT_RETAIN_SELF = YES;
				CLANG_WARN_OBJC_LITERAL_CONVERSION = YES;
				CLANG_WARN_OBJC_ROOT_CLASS = YES_ERROR;
				CLANG_WARN_QUOTED_INCLUDE_IN_FRAMEWORK_HEADER = YES;
				CLANG_WARN_RANGE_LOOP_ANALYSIS = YES;
				CLANG_WARN_STRICT_PROTOTYPES = YES;
				CLANG_WARN_SUSPICIOUS_MOVE = YES;
				CLANG_WARN_UNGUARDED_AVAILABILITY = YES_AGGRESSIVE;
				CLANG_WARN_UNREACHABLE_CODE = YES;
				CLANG_WARN__DUPLICATE_METHOD_MATCH = YES;
				COPY_PHASE_STRIP = NO;
				DEBUG_INFORMATION_FORMAT = "dwarf-with-dsym";
				ENABLE_NS_ASSERTIONS = NO;
				ENABLE_STRICT_OBJC_MSGSEND = YES;
				ENABLE_USER_SCRIPT_SANDBOXING = YES;
				GCC_C_LANGUAGE_STANDARD = gnu17;
				GCC_NO_COMMON_BLOCKS = YES;
				GCC_WARN_64_TO_32_BIT_CONVERSION = YES;
				GCC_WARN_ABOUT_RETURN_TYPE = YES_ERROR;
				GCC_WARN_UNDECLARED_SELECTOR = YES;
				GCC_WARN_UNINITIALIZED_AUTOS = YES_AGGRESSIVE;
				GCC_WARN_UNUSED_FUNCTION = YES;
				GCC_WARN_UNUSED_VARIABLE = YES;
				IPHONEOS_DEPLOYMENT_TARGET = 18.2;
				LOCALIZATION_PREFERS_STRING_CATALOGS = YES;
				MTL_ENABLE_DEBUG_INFO = NO;
				MTL_FAST_MATH = YES;
				SDKROOT = iphoneos;
				SWIFT_COMPILATION_MODE = wholemodule;
				VALIDATE_PRODUCT = YES;
			};
			name = Release;
		};
		944BA1512D7616040064A2BD /* Debug */ = {
			isa = XCBuildConfiguration;
			buildSettings = {
				ASSETCATALOG_COMPILER_APPICON_NAME = AppIcon;
				ASSETCATALOG_COMPILER_GLOBAL_ACCENT_COLOR_NAME = AccentColor;
				CODE_SIGN_ENTITLEMENTS = "BIT Teaching App/BIT Teaching App.entitlements";
				CODE_SIGN_IDENTITY = "Apple Development";
				CODE_SIGN_STYLE = Automatic;
				CURRENT_PROJECT_VERSION = 1;
				DEVELOPMENT_ASSET_PATHS = "\"BIT Teaching App/Preview Content\"";
				DEVELOPMENT_TEAM = MMGA73W46U;
				ENABLE_PREVIEWS = YES;
				GENERATE_INFOPLIST_FILE = YES;
				INFOPLIST_FILE = "BIT-Teaching-App-Info.plist";
				INFOPLIST_KEY_NFCReaderUsageDescription = "Used to scan learning objects for this app";
				INFOPLIST_KEY_UIApplicationSceneManifest_Generation = YES;
				INFOPLIST_KEY_UIApplicationSupportsIndirectInputEvents = YES;
				INFOPLIST_KEY_UILaunchScreen_Generation = YES;
				INFOPLIST_KEY_UISupportedInterfaceOrientations_iPad = "UIInterfaceOrientationPortrait UIInterfaceOrientationPortraitUpsideDown UIInterfaceOrientationLandscapeLeft UIInterfaceOrientationLandscapeRight";
				INFOPLIST_KEY_UISupportedInterfaceOrientations_iPhone = "UIInterfaceOrientationPortrait UIInterfaceOrientationLandscapeLeft UIInterfaceOrientationLandscapeRight";
				LD_RUNPATH_SEARCH_PATHS = (
					"$(inherited)",
					"@executable_path/Frameworks",
				);
				MARKETING_VERSION = 1.0;
				PRODUCT_BUNDLE_IDENTIFIER = "BIT.BIT-Teaching-App";
				PRODUCT_NAME = "$(TARGET_NAME)";
				PROVISIONING_PROFILE_SPECIFIER = "";
				SWIFT_EMIT_LOC_STRINGS = YES;
				SWIFT_VERSION = 5.0;
				TARGETED_DEVICE_FAMILY = "1,2";
			};
			name = Debug;
		};
		944BA1522D7616040064A2BD /* Release */ = {
			isa = XCBuildConfiguration;
			buildSettings = {
				ASSETCATALOG_COMPILER_APPICON_NAME = AppIcon;
				ASSETCATALOG_COMPILER_GLOBAL_ACCENT_COLOR_NAME = AccentColor;
				CODE_SIGN_ENTITLEMENTS = "BIT Teaching App/BIT Teaching App.entitlements";
				CODE_SIGN_IDENTITY = "Apple Development";
				CODE_SIGN_STYLE = Automatic;
				CURRENT_PROJECT_VERSION = 1;
				DEVELOPMENT_ASSET_PATHS = "\"BIT Teaching App/Preview Content\"";
				DEVELOPMENT_TEAM = MMGA73W46U;
				ENABLE_PREVIEWS = YES;
				GENERATE_INFOPLIST_FILE = YES;
				INFOPLIST_FILE = "BIT-Teaching-App-Info.plist";
				INFOPLIST_KEY_NFCReaderUsageDescription = "Used to scan learning objects for this app";
				INFOPLIST_KEY_UIApplicationSceneManifest_Generation = YES;
				INFOPLIST_KEY_UIApplicationSupportsIndirectInputEvents = YES;
				INFOPLIST_KEY_UILaunchScreen_Generation = YES;
				INFOPLIST_KEY_UISupportedInterfaceOrientations_iPad = "UIInterfaceOrientationPortrait UIInterfaceOrientationPortraitUpsideDown UIInterfaceOrientationLandscapeLeft UIInterfaceOrientationLandscapeRight";
				INFOPLIST_KEY_UISupportedInterfaceOrientations_iPhone = "UIInterfaceOrientationPortrait UIInterfaceOrientationLandscapeLeft UIInterfaceOrientationLandscapeRight";
				LD_RUNPATH_SEARCH_PATHS = (
					"$(inherited)",
					"@executable_path/Frameworks",
				);
				MARKETING_VERSION = 1.0;
				PRODUCT_BUNDLE_IDENTIFIER = "BIT.BIT-Teaching-App";
				PRODUCT_NAME = "$(TARGET_NAME)";
				PROVISIONING_PROFILE_SPECIFIER = "";
				SWIFT_EMIT_LOC_STRINGS = YES;
				SWIFT_VERSION = 5.0;
				TARGETED_DEVICE_FAMILY = "1,2";
			};
			name = Release;
		};
		944BA1542D7616040064A2BD /* Debug */ = {
			isa = XCBuildConfiguration;
			buildSettings = {
				BUNDLE_LOADER = "$(TEST_HOST)";
				CODE_SIGN_STYLE = Automatic;
				CURRENT_PROJECT_VERSION = 1;
				DEVELOPMENT_TEAM = MMGA73W46U;
				GENERATE_INFOPLIST_FILE = YES;
				IPHONEOS_DEPLOYMENT_TARGET = 18.2;
				MARKETING_VERSION = 1.0;
				PRODUCT_BUNDLE_IDENTIFIER = "BIT.BIT-Teaching-AppTests";
				PRODUCT_NAME = "$(TARGET_NAME)";
				SWIFT_EMIT_LOC_STRINGS = NO;
				SWIFT_VERSION = 5.0;
				TARGETED_DEVICE_FAMILY = "1,2";
				TEST_HOST = "$(BUILT_PRODUCTS_DIR)/BIT Teaching App.app/$(BUNDLE_EXECUTABLE_FOLDER_PATH)/BIT Teaching App";
			};
			name = Debug;
		};
		944BA1552D7616040064A2BD /* Release */ = {
			isa = XCBuildConfiguration;
			buildSettings = {
				BUNDLE_LOADER = "$(TEST_HOST)";
				CODE_SIGN_STYLE = Automatic;
				CURRENT_PROJECT_VERSION = 1;
				DEVELOPMENT_TEAM = MMGA73W46U;
				GENERATE_INFOPLIST_FILE = YES;
				IPHONEOS_DEPLOYMENT_TARGET = 18.2;
				MARKETING_VERSION = 1.0;
				PRODUCT_BUNDLE_IDENTIFIER = "BIT.BIT-Teaching-AppTests";
				PRODUCT_NAME = "$(TARGET_NAME)";
				SWIFT_EMIT_LOC_STRINGS = NO;
				SWIFT_VERSION = 5.0;
				TARGETED_DEVICE_FAMILY = "1,2";
				TEST_HOST = "$(BUILT_PRODUCTS_DIR)/BIT Teaching App.app/$(BUNDLE_EXECUTABLE_FOLDER_PATH)/BIT Teaching App";
			};
			name = Release;
		};
		944BA1572D7616040064A2BD /* Debug */ = {
			isa = XCBuildConfiguration;
			buildSettings = {
				CODE_SIGN_STYLE = Automatic;
				CURRENT_PROJECT_VERSION = 1;
				DEVELOPMENT_TEAM = MMGA73W46U;
				GENERATE_INFOPLIST_FILE = YES;
				MARKETING_VERSION = 1.0;
				PRODUCT_BUNDLE_IDENTIFIER = "BIT.BIT-Teaching-AppUITests";
				PRODUCT_NAME = "$(TARGET_NAME)";
				SWIFT_EMIT_LOC_STRINGS = NO;
				SWIFT_VERSION = 5.0;
				TARGETED_DEVICE_FAMILY = "1,2";
				TEST_TARGET_NAME = "BIT Teaching App";
			};
			name = Debug;
		};
		944BA1582D7616040064A2BD /* Release */ = {
			isa = XCBuildConfiguration;
			buildSettings = {
				CODE_SIGN_STYLE = Automatic;
				CURRENT_PROJECT_VERSION = 1;
				DEVELOPMENT_TEAM = MMGA73W46U;
				GENERATE_INFOPLIST_FILE = YES;
				MARKETING_VERSION = 1.0;
				PRODUCT_BUNDLE_IDENTIFIER = "BIT.BIT-Teaching-AppUITests";
				PRODUCT_NAME = "$(TARGET_NAME)";
				SWIFT_EMIT_LOC_STRINGS = NO;
				SWIFT_VERSION = 5.0;
				TARGETED_DEVICE_FAMILY = "1,2";
				TEST_TARGET_NAME = "BIT Teaching App";
			};
			name = Release;
		};
/* End XCBuildConfiguration section */

/* Begin XCConfigurationList section */
		944BA1272D7616020064A2BD /* Build configuration list for PBXProject "BIT Teaching App" */ = {
			isa = XCConfigurationList;
			buildConfigurations = (
				944BA14E2D7616040064A2BD /* Debug */,
				944BA14F2D7616040064A2BD /* Release */,
			);
			defaultConfigurationIsVisible = 0;
			defaultConfigurationName = Release;
		};
		944BA1502D7616040064A2BD /* Build configuration list for PBXNativeTarget "BIT Teaching App" */ = {
			isa = XCConfigurationList;
			buildConfigurations = (
				944BA1512D7616040064A2BD /* Debug */,
				944BA1522D7616040064A2BD /* Release */,
			);
			defaultConfigurationIsVisible = 0;
			defaultConfigurationName = Release;
		};
		944BA1532D7616040064A2BD /* Build configuration list for PBXNativeTarget "BIT Teaching AppTests" */ = {
			isa = XCConfigurationList;
			buildConfigurations = (
				944BA1542D7616040064A2BD /* Debug */,
				944BA1552D7616040064A2BD /* Release */,
			);
			defaultConfigurationIsVisible = 0;
			defaultConfigurationName = Release;
		};
		944BA1562D7616040064A2BD /* Build configuration list for PBXNativeTarget "BIT Teaching AppUITests" */ = {
			isa = XCConfigurationList;
			buildConfigurations = (
				944BA1572D7616040064A2BD /* Debug */,
				944BA1582D7616040064A2BD /* Release */,
			);
			defaultConfigurationIsVisible = 0;
			defaultConfigurationName = Release;
		};
/* End XCConfigurationList section */
	};
	rootObject = 944BA1242D7616020064A2BD /* Project object */;
}
